
Microsoft Visual Studio Solution File, Format Version 12.00
# Visual Studio Version 17
VisualStudioVersion = 17.5.002.0
MinimumVisualStudioVersion = 10.0.40219.1
Project("{9A19103F-16F7-4668-BE54-9A1E7A4F7556}") = "Lab1DesignPattern", "Lab1DesignPattern.csproj", "{B7987581-9EFE-4E22-B01F-4FF697AF8800}"
EndProject
Global
	GlobalSection(SolutionConfigurationPlatforms) = preSolution
		Debug|Any CPU = Debug|Any CPU
		Release|Any CPU = Release|Any CPU
	EndGlobalSection
	GlobalSection(ProjectConfigurationPlatforms) = postSolution
		{B7987581-9EFE-4E22-B01F-4FF697AF8800}.Debug|Any CPU.ActiveCfg = Debug|Any CPU
		{B7987581-9EFE-4E22-B01F-4FF697AF8800}.Debug|Any CPU.Build.0 = Debug|Any CPU
		{B7987581-9EFE-4E22-B01F-4FF697AF8800}.Release|Any CPU.ActiveCfg = Release|Any CPU
		{B7987581-9EFE-4E22-B01F-4FF697AF8800}.Release|Any CPU.Build.0 = Release|Any CPU
	EndGlobalSection
	GlobalSection(SolutionProperties) = preSolution
		HideSolutionNode = FALSE
	EndGlobalSection
	GlobalSection(ExtensibilityGlobals) = postSolution
		SolutionGuid = {F27C734D-9389-4C5A-B67B-5DC0B13CADF3}
	EndGlobalSection
EndGlobal
